
Microsoft Visual Studio Solution File, Format Version 12.00
# Visual Studio Version 16
VisualStudioVersion = 16.0.30804.86
MinimumVisualStudioVersion = 10.0.40219.1
Project("{FAE04EC0-301F-11D3-BF4B-00C04F79EFBC}") = "LearnApp", "LearnApp\LearnApp.csproj", "{B3332965-1F43-4ECE-BFA7-7D7EF08795BE}"
EndProject
Global
	GlobalSection(SolutionConfigurationPlatforms) = preSolution
		Debug|Any CPU = Debug|Any CPU
		Release|Any CPU = Release|Any CPU
	EndGlobalSection
	GlobalSection(ProjectConfigurationPlatforms) = postSolution
		{B3332965-1F43-4ECE-BFA7-7D7EF08795BE}.Debug|Any CPU.ActiveCfg = Debug|Any CPU
		{B3332965-1F43-4ECE-BFA7-7D7EF08795BE}.Debug|Any CPU.Build.0 = Debug|Any CPU
		{B3332965-1F43-4ECE-BFA7-7D7EF08795BE}.Release|Any CPU.ActiveCfg = Release|Any CPU
		{B3332965-1F43-4ECE-BFA7-7D7EF08795BE}.Release|Any CPU.Build.0 = Release|Any CPU
	EndGlobalSection
	GlobalSection(SolutionProperties) = preSolution
		HideSolutionNode = FALSE
	EndGlobalSection
	GlobalSection(ExtensibilityGlobals) = postSolution
		SolutionGuid = {2380899F-7CE6-42EE-8880-6DF1B7513578}
	EndGlobalSection
EndGlobal
